// !$*UTF8*$!
{
	archiveVersion = 1;
	classes = {
	};
	objectVersion = 56;
	objects = {

/* Begin PBXBuildFile section */
		1730AC4A2AA5744D00099253 /* AppDelegate.swift in Sources */ = {isa = PBXBuildFile; fileRef = 1730AC492AA5744D00099253 /* AppDelegate.swift */; };
		1730AC4C2AA5744D00099253 /* SceneDelegate.swift in Sources */ = {isa = PBXBuildFile; fileRef = 1730AC4B2AA5744D00099253 /* SceneDelegate.swift */; };
		1730AC4E2AA5744D00099253 /* ViewController.swift in Sources */ = {isa = PBXBuildFile; fileRef = 1730AC4D2AA5744D00099253 /* ViewController.swift */; };
		1730AC512AA5744D00099253 /* Main.storyboard in Resources */ = {isa = PBXBuildFile; fileRef = 1730AC4F2AA5744D00099253 /* Main.storyboard */; };
		1730AC532AA5744D00099253 /* Assets.xcassets in Resources */ = {isa = PBXBuildFile; fileRef = 1730AC522AA5744D00099253 /* Assets.xcassets */; };
		1730AC562AA5744D00099253 /* LaunchScreen.storyboard in Resources */ = {isa = PBXBuildFile; fileRef = 1730AC542AA5744D00099253 /* LaunchScreen.storyboard */; };
		1730AC612AA5744D00099253 /* iOSCallFlutterModuleTests.swift in Sources */ = {isa = PBXBuildFile; fileRef = 1730AC602AA5744D00099253 /* iOSCallFlutterModuleTests.swift */; };
		1730AC6B2AA5744D00099253 /* iOSCallFlutterModuleUITests.swift in Sources */ = {isa = PBXBuildFile; fileRef = 1730AC6A2AA5744D00099253 /* iOSCallFlutterModuleUITests.swift */; };
		1730AC6D2AA5744D00099253 /* iOSCallFlutterModuleUITestsLaunchTests.swift in Sources */ = {isa = PBXBuildFile; fileRef = 1730AC6C2AA5744D00099253 /* iOSCallFlutterModuleUITestsLaunchTests.swift */; };
		17BDF77E2AA5CA11003E1DC2 /* BoostDelegate.swift in Sources */ = {isa = PBXBuildFile; fileRef = 17BDF77D2AA5CA11003E1DC2 /* BoostDelegate.swift */; };
		2830D0DB8DC81F8FA689E481 /* Pods_iOSCallFlutterModule.framework in Frameworks */ = {isa = PBXBuildFile; fileRef = D5CFCEFE51B495214A604D97 /* Pods_iOSCallFlutterModule.framework */; };
		4B07499CD3FEFA4DD1934B62 /* Pods_iOSCallFlutterModuleTests.framework in Frameworks */ = {isa = PBXBuildFile; fileRef = 7DDD80008CA0F788026EACA1 /* Pods_iOSCallFlutterModuleTests.framework */; };
		C7A6D7D5AAB149AF952CE7ED /* Pods_iOSCallFlutterModule_iOSCallFlutterModuleUITests.framework in Frameworks */ = {isa = PBXBuildFile; fileRef = 010B491F4A23EEBEAF29E71A /* Pods_iOSCallFlutterModule_iOSCallFlutterModuleUITests.framework */; };
/* End PBXBuildFile section */

/* Begin PBXContainerItemProxy section */
		1730AC5D2AA5744D00099253 /* PBXContainerItemProxy */ = {
			isa = PBXContainerItemProxy;
			containerPortal = 1730AC3E2AA5744D00099253 /* Project object */;
			proxyType = 1;
			remoteGlobalIDString = 1730AC452AA5744D00099253;
			remoteInfo = iOSCallFlutterModule;
		};
		1730AC672AA5744D00099253 /* PBXContainerItemProxy */ = {
			isa = PBXContainerItemProxy;
			containerPortal = 1730AC3E2AA5744D00099253 /* Project object */;
			proxyType = 1;
			remoteGlobalIDString = 1730AC452AA5744D00099253;
			remoteInfo = iOSCallFlutterModule;
		};
/* End PBXContainerItemProxy section */

/* Begin PBXFileReference section */
		010B491F4A23EEBEAF29E71A /* Pods_iOSCallFlutterModule_iOSCallFlutterModuleUITests.framework */ = {isa = PBXFileReference; explicitFileType = wrapper.framework; includeInIndex = 0; path = Pods_iOSCallFlutterModule_iOSCallFlutterModuleUITests.framework; sourceTree = BUILT_PRODUCTS_DIR; };
		1730AC462AA5744D00099253 /* iOSCallFlutterModule.app */ = {isa = PBXFileReference; explicitFileType = wrapper.application; includeInIndex = 0; path = iOSCallFlutterModule.app; sourceTree = BUILT_PRODUCTS_DIR; };
		1730AC492AA5744D00099253 /* AppDelegate.swift */ = {isa = PBXFileReference; lastKnownFileType = sourcecode.swift; path = AppDelegate.swift; sourceTree = "<group>"; };
		1730AC4B2AA5744D00099253 /* SceneDelegate.swift */ = {isa = PBXFileReference; lastKnownFileType = sourcecode.swift; path = SceneDelegate.swift; sourceTree = "<group>"; };
		1730AC4D2AA5744D00099253 /* ViewController.swift */ = {isa = PBXFileReference; lastKnownFileType = sourcecode.swift; path = ViewController.swift; sourceTree = "<group>"; };
		1730AC502AA5744D00099253 /* Base */ = {isa = PBXFileReference; lastKnownFileType = file.storyboard; name = Base; path = Base.lproj/Main.storyboard; sourceTree = "<group>"; };
		1730AC522AA5744D00099253 /* Assets.xcassets */ = {isa = PBXFileReference; lastKnownFileType = folder.assetcatalog; path = Assets.xcassets; sourceTree = "<group>"; };
		1730AC552AA5744D00099253 /* Base */ = {isa = PBXFileReference; lastKnownFileType = file.storyboard; name = Base; path = Base.lproj/LaunchScreen.storyboard; sourceTree = "<group>"; };
		1730AC572AA5744D00099253 /* Info.plist */ = {isa = PBXFileReference; lastKnownFileType = text.plist.xml; path = Info.plist; sourceTree = "<group>"; };
		1730AC5C2AA5744D00099253 /* iOSCallFlutterModuleTests.xctest */ = {isa = PBXFileReference; explicitFileType = wrapper.cfbundle; includeInIndex = 0; path = iOSCallFlutterModuleTests.xctest; sourceTree = BUILT_PRODUCTS_DIR; };
		1730AC602AA5744D00099253 /* iOSCallFlutterModuleTests.swift */ = {isa = PBXFileReference; lastKnownFileType = sourcecode.swift; path = iOSCallFlutterModuleTests.swift; sourceTree = "<group>"; };
		1730AC662AA5744D00099253 /* iOSCallFlutterModuleUITests.xctest */ = {isa = PBXFileReference; explicitFileType = wrapper.cfbundle; includeInIndex = 0; path = iOSCallFlutterModuleUITests.xctest; sourceTree = BUILT_PRODUCTS_DIR; };
		1730AC6A2AA5744D00099253 /* iOSCallFlutterModuleUITests.swift */ = {isa = PBXFileReference; lastKnownFileType = sourcecode.swift; path = iOSCallFlutterModuleUITests.swift; sourceTree = "<group>"; };
		1730AC6C2AA5744D00099253 /* iOSCallFlutterModuleUITestsLaunchTests.swift */ = {isa = PBXFileReference; lastKnownFileType = sourcecode.swift; path = iOSCallFlutterModuleUITestsLaunchTests.swift; sourceTree = "<group>"; };
		17BDF77D2AA5CA11003E1DC2 /* BoostDelegate.swift */ = {isa = PBXFileReference; lastKnownFileType = sourcecode.swift; path = BoostDelegate.swift; sourceTree = "<group>"; };
		2DB251031ADA08760FFCFF14 /* Pods-iOSCallFlutterModule-iOSCallFlutterModuleUITests.release.xcconfig */ = {isa = PBXFileReference; includeInIndex = 1; lastKnownFileType = text.xcconfig; name = "Pods-iOSCallFlutterModule-iOSCallFlutterModuleUITests.release.xcconfig"; path = "Target Support Files/Pods-iOSCallFlutterModule-iOSCallFlutterModuleUITests/Pods-iOSCallFlutterModule-iOSCallFlutterModuleUITests.release.xcconfig"; sourceTree = "<group>"; };
		3B1A4CE6FBF4716847E36220 /* Pods-iOSCallFlutterModule.debug.xcconfig */ = {isa = PBXFileReference; includeInIndex = 1; lastKnownFileType = text.xcconfig; name = "Pods-iOSCallFlutterModule.debug.xcconfig"; path = "Target Support Files/Pods-iOSCallFlutterModule/Pods-iOSCallFlutterModule.debug.xcconfig"; sourceTree = "<group>"; };
		452E538F25C387B4ED857D63 /* Pods-iOSCallFlutterModuleTests.release.xcconfig */ = {isa = PBXFileReference; includeInIndex = 1; lastKnownFileType = text.xcconfig; name = "Pods-iOSCallFlutterModuleTests.release.xcconfig"; path = "Target Support Files/Pods-iOSCallFlutterModuleTests/Pods-iOSCallFlutterModuleTests.release.xcconfig"; sourceTree = "<group>"; };
		5A3C6DDA87F4665B38595BD4 /* Pods-iOSCallFlutterModule-iOSCallFlutterModuleUITests.debug.xcconfig */ = {isa = PBXFileReference; includeInIndex = 1; lastKnownFileType = text.xcconfig; name = "Pods-iOSCallFlutterModule-iOSCallFlutterModuleUITests.debug.xcconfig"; path = "Target Support Files/Pods-iOSCallFlutterModule-iOSCallFlutterModuleUITests/Pods-iOSCallFlutterModule-iOSCallFlutterModuleUITests.debug.xcconfig"; sourceTree = "<group>"; };
		65979D3983FC88108E18190C /* Pods-iOSCallFlutterModule.release.xcconfig */ = {isa = PBXFileReference; includeInIndex = 1; lastKnownFileType = text.xcconfig; name = "Pods-iOSCallFlutterModule.release.xcconfig"; path = "Target Support Files/Pods-iOSCallFlutterModule/Pods-iOSCallFlutterModule.release.xcconfig"; sourceTree = "<group>"; };
		7DDD80008CA0F788026EACA1 /* Pods_iOSCallFlutterModuleTests.framework */ = {isa = PBXFileReference; explicitFileType = wrapper.framework; includeInIndex = 0; path = Pods_iOSCallFlutterModuleTests.framework; sourceTree = BUILT_PRODUCTS_DIR; };
		A81F8A5155C93CBB59E5421E /* Pods-iOSCallFlutterModuleTests.debug.xcconfig */ = {isa = PBXFileReference; includeInIndex = 1; lastKnownFileType = text.xcconfig; name = "Pods-iOSCallFlutterModuleTests.debug.xcconfig"; path = "Target Support Files/Pods-iOSCallFlutterModuleTests/Pods-iOSCallFlutterModuleTests.debug.xcconfig"; sourceTree = "<group>"; };
		D5CFCEFE51B495214A604D97 /* Pods_iOSCallFlutterModule.framework */ = {isa = PBXFileReference; explicitFileType = wrapper.framework; includeInIndex = 0; path = Pods_iOSCallFlutterModule.framework; sourceTree = BUILT_PRODUCTS_DIR; };
/* End PBXFileReference section */

/* Begin PBXFrameworksBuildPhase section */
		1730AC432AA5744D00099253 /* Frameworks */ = {
			isa = PBXFrameworksBuildPhase;
			buildActionMask = 2147483647;
			files = (
				2830D0DB8DC81F8FA689E481 /* Pods_iOSCallFlutterModule.framework in Frameworks */,
			);
			runOnlyForDeploymentPostprocessing = 0;
		};
		1730AC592AA5744D00099253 /* Frameworks */ = {
			isa = PBXFrameworksBuildPhase;
			buildActionMask = 2147483647;
			files = (
				4B07499CD3FEFA4DD1934B62 /* Pods_iOSCallFlutterModuleTests.framework in Frameworks */,
			);
			runOnlyForDeploymentPostprocessing = 0;
		};
		1730AC632AA5744D00099253 /* Frameworks */ = {
			isa = PBXFrameworksBuildPhase;
			buildActionMask = 2147483647;
			files = (
				C7A6D7D5AAB149AF952CE7ED /* Pods_iOSCallFlutterModule_iOSCallFlutterModuleUITests.framework in Frameworks */,
			);
			runOnlyForDeploymentPostprocessing = 0;
		};
/* End PBXFrameworksBuildPhase section */

/* Begin PBXGroup section */
		1730AC3D2AA5744D00099253 = {
			isa = PBXGroup;
			children = (
				1730AC482AA5744D00099253 /* iOSCallFlutterModule */,
				1730AC5F2AA5744D00099253 /* iOSCallFlutterModuleTests */,
				1730AC692AA5744D00099253 /* iOSCallFlutterModuleUITests */,
				1730AC472AA5744D00099253 /* Products */,
				BD6B402F006CA8035C428F08 /* Pods */,
				A1DADB667AC2734703DDE596 /* Frameworks */,
			);
			sourceTree = "<group>";
		};
		1730AC472AA5744D00099253 /* Products */ = {
			isa = PBXGroup;
			children = (
				1730AC462AA5744D00099253 /* iOSCallFlutterModule.app */,
				1730AC5C2AA5744D00099253 /* iOSCallFlutterModuleTests.xctest */,
				1730AC662AA5744D00099253 /* iOSCallFlutterModuleUITests.xctest */,
			);
			name = Products;
			sourceTree = "<group>";
		};
		1730AC482AA5744D00099253 /* iOSCallFlutterModule */ = {
			isa = PBXGroup;
			children = (
				1730AC492AA5744D00099253 /* AppDelegate.swift */,
				17BDF77D2AA5CA11003E1DC2 /* BoostDelegate.swift */,
				1730AC4B2AA5744D00099253 /* SceneDelegate.swift */,
				1730AC4D2AA5744D00099253 /* ViewController.swift */,
				1730AC4F2AA5744D00099253 /* Main.storyboard */,
				1730AC522AA5744D00099253 /* Assets.xcassets */,
				1730AC542AA5744D00099253 /* LaunchScreen.storyboard */,
				1730AC572AA5744D00099253 /* Info.plist */,
			);
			path = iOSCallFlutterModule;
			sourceTree = "<group>";
		};
		1730AC5F2AA5744D00099253 /* iOSCallFlutterModuleTests */ = {
			isa = PBXGroup;
			children = (
				1730AC602AA5744D00099253 /* iOSCallFlutterModuleTests.swift */,
			);
			path = iOSCallFlutterModuleTests;
			sourceTree = "<group>";
		};
		1730AC692AA5744D00099253 /* iOSCallFlutterModuleUITests */ = {
			isa = PBXGroup;
			children = (
				1730AC6A2AA5744D00099253 /* iOSCallFlutterModuleUITests.swift */,
				1730AC6C2AA5744D00099253 /* iOSCallFlutterModuleUITestsLaunchTests.swift */,
			);
			path = iOSCallFlutterModuleUITests;
			sourceTree = "<group>";
		};
		A1DADB667AC2734703DDE596 /* Frameworks */ = {
			isa = PBXGroup;
			children = (
				D5CFCEFE51B495214A604D97 /* Pods_iOSCallFlutterModule.framework */,
				010B491F4A23EEBEAF29E71A /* Pods_iOSCallFlutterModule_iOSCallFlutterModuleUITests.framework */,
				7DDD80008CA0F788026EACA1 /* Pods_iOSCallFlutterModuleTests.framework */,
			);
			name = Frameworks;
			sourceTree = "<group>";
		};
		BD6B402F006CA8035C428F08 /* Pods */ = {
			isa = PBXGroup;
			children = (
				3B1A4CE6FBF4716847E36220 /* Pods-iOSCallFlutterModule.debug.xcconfig */,
				65979D3983FC88108E18190C /* Pods-iOSCallFlutterModule.release.xcconfig */,
				5A3C6DDA87F4665B38595BD4 /* Pods-iOSCallFlutterModule-iOSCallFlutterModuleUITests.debug.xcconfig */,
				2DB251031ADA08760FFCFF14 /* Pods-iOSCallFlutterModule-iOSCallFlutterModuleUITests.release.xcconfig */,
				A81F8A5155C93CBB59E5421E /* Pods-iOSCallFlutterModuleTests.debug.xcconfig */,
				452E538F25C387B4ED857D63 /* Pods-iOSCallFlutterModuleTests.release.xcconfig */,
			);
			path = Pods;
			sourceTree = "<group>";
		};
/* End PBXGroup section */

/* Begin PBXNativeTarget section */
		1730AC452AA5744D00099253 /* iOSCallFlutterModule */ = {
			isa = PBXNativeTarget;
			buildConfigurationList = 1730AC702AA5744D00099253 /* Build configuration list for PBXNativeTarget "iOSCallFlutterModule" */;
			buildPhases = (
				D0729E82F957D7451D065303 /* [CP] Check Pods Manifest.lock */,
				C19D12E548BD9EE6EF263DE8 /* [CP-User] Run Flutter Build flutter_module Script */,
				1730AC422AA5744D00099253 /* Sources */,
				1730AC432AA5744D00099253 /* Frameworks */,
				1730AC442AA5744D00099253 /* Resources */,
				2AAC11E3824D53A5EB3819E8 /* [CP] Embed Pods Frameworks */,
				F3FCFD1143EC1572C3FB2F86 /* [CP-User] Embed Flutter Build flutter_module Script */,
			);
			buildRules = (
			);
			dependencies = (
			);
			name = iOSCallFlutterModule;
			productName = iOSCallFlutterModule;
			productReference = 1730AC462AA5744D00099253 /* iOSCallFlutterModule.app */;
			productType = "com.apple.product-type.application";
		};
		1730AC5B2AA5744D00099253 /* iOSCallFlutterModuleTests */ = {
			isa = PBXNativeTarget;
			buildConfigurationList = 1730AC732AA5744D00099253 /* Build configuration list for PBXNativeTarget "iOSCallFlutterModuleTests" */;
			buildPhases = (
				70D994FA91582FAB2BC91D30 /* [CP] Check Pods Manifest.lock */,
				1730AC582AA5744D00099253 /* Sources */,
				1730AC592AA5744D00099253 /* Frameworks */,
				1730AC5A2AA5744D00099253 /* Resources */,
			);
			buildRules = (
			);
			dependencies = (
				1730AC5E2AA5744D00099253 /* PBXTargetDependency */,
			);
			name = iOSCallFlutterModuleTests;
			productName = iOSCallFlutterModuleTests;
			productReference = 1730AC5C2AA5744D00099253 /* iOSCallFlutterModuleTests.xctest */;
			productType = "com.apple.product-type.bundle.unit-test";
		};
		1730AC652AA5744D00099253 /* iOSCallFlutterModuleUITests */ = {
			isa = PBXNativeTarget;
			buildConfigurationList = 1730AC762AA5744D00099253 /* Build configuration list for PBXNativeTarget "iOSCallFlutterModuleUITests" */;
			buildPhases = (
				4BF68E9F1C0BD530211BAAB4 /* [CP] Check Pods Manifest.lock */,
				1730AC622AA5744D00099253 /* Sources */,
				1730AC632AA5744D00099253 /* Frameworks */,
				1730AC642AA5744D00099253 /* Resources */,
				ACA1DD41910CC28B86E09637 /* [CP] Embed Pods Frameworks */,
			);
			buildRules = (
			);
			dependencies = (
				1730AC682AA5744D00099253 /* PBXTargetDependency */,
			);
			name = iOSCallFlutterModuleUITests;
			productName = iOSCallFlutterModuleUITests;
			productReference = 1730AC662AA5744D00099253 /* iOSCallFlutterModuleUITests.xctest */;
			productType = "com.apple.product-type.bundle.ui-testing";
		};
/* End PBXNativeTarget section */

/* Begin PBXProject section */
		1730AC3E2AA5744D00099253 /* Project object */ = {
			isa = PBXProject;
			attributes = {
				BuildIndependentTargetsInParallel = 1;
				LastSwiftUpdateCheck = 1430;
				LastUpgradeCheck = 1430;
				TargetAttributes = {
					1730AC452AA5744D00099253 = {
						CreatedOnToolsVersion = 14.3.1;
					};
					1730AC5B2AA5744D00099253 = {
						CreatedOnToolsVersion = 14.3.1;
						TestTargetID = 1730AC452AA5744D00099253;
					};
					1730AC652AA5744D00099253 = {
						CreatedOnToolsVersion = 14.3.1;
						TestTargetID = 1730AC452AA5744D00099253;
					};
				};
			};
			buildConfigurationList = 1730AC412AA5744D00099253 /* Build configuration list for PBXProject "iOSCallFlutterModule" */;
			compatibilityVersion = "Xcode 14.0";
			developmentRegion = en;
			hasScannedForEncodings = 0;
			knownRegions = (
				en,
				Base,
			);
			mainGroup = 1730AC3D2AA5744D00099253;
			productRefGroup = 1730AC472AA5744D00099253 /* Products */;
			projectDirPath = "";
			projectRoot = "";
			targets = (
				1730AC452AA5744D00099253 /* iOSCallFlutterModule */,
				1730AC5B2AA5744D00099253 /* iOSCallFlutterModuleTests */,
				1730AC652AA5744D00099253 /* iOSCallFlutterModuleUITests */,
			);
		};
/* End PBXProject section */

/* Begin PBXResourcesBuildPhase section */
		1730AC442AA5744D00099253 /* Resources */ = {
			isa = PBXResourcesBuildPhase;
			buildActionMask = 2147483647;
			files = (
				1730AC562AA5744D00099253 /* LaunchScreen.storyboard in Resources */,
				1730AC532AA5744D00099253 /* Assets.xcassets in Resources */,
				1730AC512AA5744D00099253 /* Main.storyboard in Resources */,
			);
			runOnlyForDeploymentPostprocessing = 0;
		};
		1730AC5A2AA5744D00099253 /* Resources */ = {
			isa = PBXResourcesBuildPhase;
			buildActionMask = 2147483647;
			files = (
			);
			runOnlyForDeploymentPostprocessing = 0;
		};
		1730AC642AA5744D00099253 /* Resources */ = {
			isa = PBXResourcesBuildPhase;
			buildActionMask = 2147483647;
			files = (
			);
			runOnlyForDeploymentPostprocessing = 0;
		};
/* End PBXResourcesBuildPhase section */

/* Begin PBXShellScriptBuildPhase section */
		2AAC11E3824D53A5EB3819E8 /* [CP] Embed Pods Frameworks */ = {
			isa = PBXShellScriptBuildPhase;
			buildActionMask = 2147483647;
			files = (
			);
			inputFileListPaths = (
				"${PODS_ROOT}/Target Support Files/Pods-iOSCallFlutterModule/Pods-iOSCallFlutterModule-frameworks-${CONFIGURATION}-input-files.xcfilelist",
			);
			name = "[CP] Embed Pods Frameworks";
			outputFileListPaths = (
				"${PODS_ROOT}/Target Support Files/Pods-iOSCallFlutterModule/Pods-iOSCallFlutterModule-frameworks-${CONFIGURATION}-output-files.xcfilelist",
			);
			runOnlyForDeploymentPostprocessing = 0;
			shellPath = /bin/sh;
			shellScript = "\"${PODS_ROOT}/Target Support Files/Pods-iOSCallFlutterModule/Pods-iOSCallFlutterModule-frameworks.sh\"\n";
			showEnvVarsInLog = 0;
		};
		4BF68E9F1C0BD530211BAAB4 /* [CP] Check Pods Manifest.lock */ = {
			isa = PBXShellScriptBuildPhase;
			buildActionMask = 2147483647;
			files = (
			);
			inputFileListPaths = (
			);
			inputPaths = (
				"${PODS_PODFILE_DIR_PATH}/Podfile.lock",
				"${PODS_ROOT}/Manifest.lock",
			);
			name = "[CP] Check Pods Manifest.lock";
			outputFileListPaths = (
			);
			outputPaths = (
				"$(DERIVED_FILE_DIR)/Pods-iOSCallFlutterModule-iOSCallFlutterModuleUITests-checkManifestLockResult.txt",
			);
			runOnlyForDeploymentPostprocessing = 0;
			shellPath = /bin/sh;
			shellScript = "diff \"${PODS_PODFILE_DIR_PATH}/Podfile.lock\" \"${PODS_ROOT}/Manifest.lock\" > /dev/null\nif [ $? != 0 ] ; then\n    # print error to STDERR\n    echo \"error: The sandbox is not in sync with the Podfile.lock. Run 'pod install' or update your CocoaPods installation.\" >&2\n    exit 1\nfi\n# This output is used by Xcode 'outputs' to avoid re-running this script phase.\necho \"SUCCESS\" > \"${SCRIPT_OUTPUT_FILE_0}\"\n";
			showEnvVarsInLog = 0;
		};
		70D994FA91582FAB2BC91D30 /* [CP] Check Pods Manifest.lock */ = {
			isa = PBXShellScriptBuildPhase;
			buildActionMask = 2147483647;
			files = (
			);
			inputFileListPaths = (
			);
			inputPaths = (
				"${PODS_PODFILE_DIR_PATH}/Podfile.lock",
				"${PODS_ROOT}/Manifest.lock",
			);
			name = "[CP] Check Pods Manifest.lock";
			outputFileListPaths = (
			);
			outputPaths = (
				"$(DERIVED_FILE_DIR)/Pods-iOSCallFlutterModuleTests-checkManifestLockResult.txt",
			);
			runOnlyForDeploymentPostprocessing = 0;
			shellPath = /bin/sh;
			shellScript = "diff \"${PODS_PODFILE_DIR_PATH}/Podfile.lock\" \"${PODS_ROOT}/Manifest.lock\" > /dev/null\nif [ $? != 0 ] ; then\n    # print error to STDERR\n    echo \"error: The sandbox is not in sync with the Podfile.lock. Run 'pod install' or update your CocoaPods installation.\" >&2\n    exit 1\nfi\n# This output is used by Xcode 'outputs' to avoid re-running this script phase.\necho \"SUCCESS\" > \"${SCRIPT_OUTPUT_FILE_0}\"\n";
			showEnvVarsInLog = 0;
		};
		ACA1DD41910CC28B86E09637 /* [CP] Embed Pods Frameworks */ = {
			isa = PBXShellScriptBuildPhase;
			buildActionMask = 2147483647;
			files = (
			);
			inputFileListPaths = (
				"${PODS_ROOT}/Target Support Files/Pods-iOSCallFlutterModule-iOSCallFlutterModuleUITests/Pods-iOSCallFlutterModule-iOSCallFlutterModuleUITests-frameworks-${CONFIGURATION}-input-files.xcfilelist",
			);
			name = "[CP] Embed Pods Frameworks";
			outputFileListPaths = (
				"${PODS_ROOT}/Target Support Files/Pods-iOSCallFlutterModule-iOSCallFlutterModuleUITests/Pods-iOSCallFlutterModule-iOSCallFlutterModuleUITests-frameworks-${CONFIGURATION}-output-files.xcfilelist",
			);
			runOnlyForDeploymentPostprocessing = 0;
			shellPath = /bin/sh;
			shellScript = "\"${PODS_ROOT}/Target Support Files/Pods-iOSCallFlutterModule-iOSCallFlutterModuleUITests/Pods-iOSCallFlutterModule-iOSCallFlutterModuleUITests-frameworks.sh\"\n";
			showEnvVarsInLog = 0;
		};
		C19D12E548BD9EE6EF263DE8 /* [CP-User] Run Flutter Build flutter_module Script */ = {
			isa = PBXShellScriptBuildPhase;
			buildActionMask = 2147483647;
			files = (
			);
			name = "[CP-User] Run Flutter Build flutter_module Script";
			runOnlyForDeploymentPostprocessing = 0;
			shellPath = /bin/sh;
			shellScript = "set -e\nset -u\nsource \"${SRCROOT}/flutter_module/.ios/Flutter/flutter_export_environment.sh\"\nexport VERBOSE_SCRIPT_LOGGING=1 && \"$FLUTTER_ROOT\"/packages/flutter_tools/bin/xcode_backend.sh build";
		};
		D0729E82F957D7451D065303 /* [CP] Check Pods Manifest.lock */ = {
			isa = PBXShellScriptBuildPhase;
			buildActionMask = 2147483647;
			files = (
			);
			inputFileListPaths = (
			);
			inputPaths = (
				"${PODS_PODFILE_DIR_PATH}/Podfile.lock",
				"${PODS_ROOT}/Manifest.lock",
			);
			name = "[CP] Check Pods Manifest.lock";
			outputFileListPaths = (
			);
			outputPaths = (
				"$(DERIVED_FILE_DIR)/Pods-iOSCallFlutterModule-checkManifestLockResult.txt",
			);
			runOnlyForDeploymentPostprocessing = 0;
			shellPath = /bin/sh;
			shellScript = "diff \"${PODS_PODFILE_DIR_PATH}/Podfile.lock\" \"${PODS_ROOT}/Manifest.lock\" > /dev/null\nif [ $? != 0 ] ; then\n    # print error to STDERR\n    echo \"error: The sandbox is not in sync with the Podfile.lock. Run 'pod install' or update your CocoaPods installation.\" >&2\n    exit 1\nfi\n# This output is used by Xcode 'outputs' to avoid re-running this script phase.\necho \"SUCCESS\" > \"${SCRIPT_OUTPUT_FILE_0}\"\n";
			showEnvVarsInLog = 0;
		};
		F3FCFD1143EC1572C3FB2F86 /* [CP-User] Embed Flutter Build flutter_module Script */ = {
			isa = PBXShellScriptBuildPhase;
			buildActionMask = 2147483647;
			files = (
			);
			name = "[CP-User] Embed Flutter Build flutter_module Script";
			runOnlyForDeploymentPostprocessing = 0;
			shellPath = /bin/sh;
			shellScript = "set -e\nset -u\nsource \"${SRCROOT}/flutter_module/.ios/Flutter/flutter_export_environment.sh\"\nexport VERBOSE_SCRIPT_LOGGING=1 && \"$FLUTTER_ROOT\"/packages/flutter_tools/bin/xcode_backend.sh embed_and_thin";
		};
/* End PBXShellScriptBuildPhase section */

/* Begin PBXSourcesBuildPhase section */
		1730AC422AA5744D00099253 /* Sources */ = {
			isa = PBXSourcesBuildPhase;
			buildActionMask = 2147483647;
			files = (
				17BDF77E2AA5CA11003E1DC2 /* BoostDelegate.swift in Sources */,
				1730AC4E2AA5744D00099253 /* ViewController.swift in Sources */,
				1730AC4A2AA5744D00099253 /* AppDelegate.swift in Sources */,
				1730AC4C2AA5744D00099253 /* SceneDelegate.swift in Sources */,
			);
			runOnlyForDeploymentPostprocessing = 0;
		};
		1730AC582AA5744D00099253 /* Sources */ = {
			isa = PBXSourcesBuildPhase;
			buildActionMask = 2147483647;
			files = (
				1730AC612AA5744D00099253 /* iOSCallFlutterModuleTests.swift in Sources */,
			);
			runOnlyForDeploymentPostprocessing = 0;
		};
		1730AC622AA5744D00099253 /* Sources */ = {
			isa = PBXSourcesBuildPhase;
			buildActionMask = 2147483647;
			files = (
				1730AC6B2AA5744D00099253 /* iOSCallFlutterModuleUITests.swift in Sources */,
				1730AC6D2AA5744D00099253 /* iOSCallFlutterModuleUITestsLaunchTests.swift in Sources */,
			);
			runOnlyForDeploymentPostprocessing = 0;
		};
/* End PBXSourcesBuildPhase section */

/* Begin PBXTargetDependency section */
		1730AC5E2AA5744D00099253 /* PBXTargetDependency */ = {
			isa = PBXTargetDependency;
			target = 1730AC452AA5744D00099253 /* iOSCallFlutterModule */;
			targetProxy = 1730AC5D2AA5744D00099253 /* PBXContainerItemProxy */;
		};
		1730AC682AA5744D00099253 /* PBXTargetDependency */ = {
			isa = PBXTargetDependency;
			target = 1730AC452AA5744D00099253 /* iOSCallFlutterModule */;
			targetProxy = 1730AC672AA5744D00099253 /* PBXContainerItemProxy */;
		};
/* End PBXTargetDependency section */

/* Begin PBXVariantGroup section */
		1730AC4F2AA5744D00099253 /* Main.storyboard */ = {
			isa = PBXVariantGroup;
			children = (
				1730AC502AA5744D00099253 /* Base */,
			);
			name = Main.storyboard;
			sourceTree = "<group>";
		};
		1730AC542AA5744D00099253 /* LaunchScreen.storyboard */ = {
			isa = PBXVariantGroup;
			children = (
				1730AC552AA5744D00099253 /* Base */,
			);
			name = LaunchScreen.storyboard;
			sourceTree = "<group>";
		};
/* End PBXVariantGroup section */

/* Begin XCBuildConfiguration section */
		1730AC6E2AA5744D00099253 /* Debug */ = {
			isa = XCBuildConfiguration;
			buildSettings = {
				ALWAYS_SEARCH_USER_PATHS = NO;
				CLANG_ANALYZER_NONNULL = YES;
				CLANG_ANALYZER_NUMBER_OBJECT_CONVERSION = YES_AGGRESSIVE;
				CLANG_CXX_LANGUAGE_STANDARD = "gnu++20";
				CLANG_ENABLE_MODULES = YES;
				CLANG_ENABLE_OBJC_ARC = YES;
				CLANG_ENABLE_OBJC_WEAK = YES;
				CLANG_WARN_BLOCK_CAPTURE_AUTORELEASING = YES;
				CLANG_WARN_BOOL_CONVERSION = YES;
				CLANG_WARN_COMMA = YES;
				CLANG_WARN_CONSTANT_CONVERSION = YES;
				CLANG_WARN_DEPRECATED_OBJC_IMPLEMENTATIONS = YES;
				CLANG_WARN_DIRECT_OBJC_ISA_USAGE = YES_ERROR;
				CLANG_WARN_DOCUMENTATION_COMMENTS = YES;
				CLANG_WARN_EMPTY_BODY = YES;
				CLANG_WARN_ENUM_CONVERSION = YES;
				CLANG_WARN_INFINITE_RECURSION = YES;
				CLANG_WARN_INT_CONVERSION = YES;
				CLANG_WARN_NON_LITERAL_NULL_CONVERSION = YES;
				CLANG_WARN_OBJC_IMPLICIT_RETAIN_SELF = YES;
				CLANG_WARN_OBJC_LITERAL_CONVERSION = YES;
				CLANG_WARN_OBJC_ROOT_CLASS = YES_ERROR;
				CLANG_WARN_QUOTED_INCLUDE_IN_FRAMEWORK_HEADER = YES;
				CLANG_WARN_RANGE_LOOP_ANALYSIS = YES;
				CLANG_WARN_STRICT_PROTOTYPES = YES;
				CLANG_WARN_SUSPICIOUS_MOVE = YES;
				CLANG_WARN_UNGUARDED_AVAILABILITY = YES_AGGRESSIVE;
				CLANG_WARN_UNREACHABLE_CODE = YES;
				CLANG_WARN__DUPLICATE_METHOD_MATCH = YES;
				COPY_PHASE_STRIP = NO;
				DEBUG_INFORMATION_FORMAT = dwarf;
				ENABLE_STRICT_OBJC_MSGSEND = YES;
				ENABLE_TESTABILITY = YES;
				GCC_C_LANGUAGE_STANDARD = gnu11;
				GCC_DYNAMIC_NO_PIC = NO;
				GCC_NO_COMMON_BLOCKS = YES;
				GCC_OPTIMIZATION_LEVEL = 0;
				GCC_PREPROCESSOR_DEFINITIONS = (
					"DEBUG=1",
					"$(inherited)",
				);
				GCC_WARN_64_TO_32_BIT_CONVERSION = YES;
				GCC_WARN_ABOUT_RETURN_TYPE = YES_ERROR;
				GCC_WARN_UNDECLARED_SELECTOR = YES;
				GCC_WARN_UNINITIALIZED_AUTOS = YES_AGGRESSIVE;
				GCC_WARN_UNUSED_FUNCTION = YES;
				GCC_WARN_UNUSED_VARIABLE = YES;
				IPHONEOS_DEPLOYMENT_TARGET = 16.4;
				MTL_ENABLE_DEBUG_INFO = INCLUDE_SOURCE;
				MTL_FAST_MATH = YES;
				ONLY_ACTIVE_ARCH = YES;
				SDKROOT = iphoneos;
				SWIFT_ACTIVE_COMPILATION_CONDITIONS = DEBUG;
				SWIFT_OPTIMIZATION_LEVEL = "-Onone";
			};
			name = Debug;
		};
		1730AC6F2AA5744D00099253 /* Release */ = {
			isa = XCBuildConfiguration;
			buildSettings = {
				ALWAYS_SEARCH_USER_PATHS = NO;
				CLANG_ANALYZER_NONNULL = YES;
				CLANG_ANALYZER_NUMBER_OBJECT_CONVERSION = YES_AGGRESSIVE;
				CLANG_CXX_LANGUAGE_STANDARD = "gnu++20";
				CLANG_ENABLE_MODULES = YES;
				CLANG_ENABLE_OBJC_ARC = YES;
				CLANG_ENABLE_OBJC_WEAK = YES;
				CLANG_WARN_BLOCK_CAPTURE_AUTORELEASING = YES;
				CLANG_WARN_BOOL_CONVERSION = YES;
				CLANG_WARN_COMMA = YES;
				CLANG_WARN_CONSTANT_CONVERSION = YES;
				CLANG_WARN_DEPRECATED_OBJC_IMPLEMENTATIONS = YES;
				CLANG_WARN_DIRECT_OBJC_ISA_USAGE = YES_ERROR;
				CLANG_WARN_DOCUMENTATION_COMMENTS = YES;
				CLANG_WARN_EMPTY_BODY = YES;
				CLANG_WARN_ENUM_CONVERSION = YES;
				CLANG_WARN_INFINITE_RECURSION = YES;
				CLANG_WARN_INT_CONVERSION = YES;
				CLANG_WARN_NON_LITERAL_NULL_CONVERSION = YES;
				CLANG_WARN_OBJC_IMPLICIT_RETAIN_SELF = YES;
				CLANG_WARN_OBJC_LITERAL_CONVERSION = YES;
				CLANG_WARN_OBJC_ROOT_CLASS = YES_ERROR;
				CLANG_WARN_QUOTED_INCLUDE_IN_FRAMEWORK_HEADER = YES;
				CLANG_WARN_RANGE_LOOP_ANALYSIS = YES;
				CLANG_WARN_STRICT_PROTOTYPES = YES;
				CLANG_WARN_SUSPICIOUS_MOVE = YES;
				CLANG_WARN_UNGUARDED_AVAILABILITY = YES_AGGRESSIVE;
				CLANG_WARN_UNREACHABLE_CODE = YES;
				CLANG_WARN__DUPLICATE_METHOD_MATCH = YES;
				COPY_PHASE_STRIP = NO;
				DEBUG_INFORMATION_FORMAT = "dwarf-with-dsym";
				ENABLE_NS_ASSERTIONS = NO;
				ENABLE_STRICT_OBJC_MSGSEND = YES;
				GCC_C_LANGUAGE_STANDARD = gnu11;
				GCC_NO_COMMON_BLOCKS = YES;
				GCC_WARN_64_TO_32_BIT_CONVERSION = YES;
				GCC_WARN_ABOUT_RETURN_TYPE = YES_ERROR;
				GCC_WARN_UNDECLARED_SELECTOR = YES;
				GCC_WARN_UNINITIALIZED_AUTOS = YES_AGGRESSIVE;
				GCC_WARN_UNUSED_FUNCTION = YES;
				GCC_WARN_UNUSED_VARIABLE = YES;
				IPHONEOS_DEPLOYMENT_TARGET = 16.4;
				MTL_ENABLE_DEBUG_INFO = NO;
				MTL_FAST_MATH = YES;
				SDKROOT = iphoneos;
				SWIFT_COMPILATION_MODE = wholemodule;
				SWIFT_OPTIMIZATION_LEVEL = "-O";
				VALIDATE_PRODUCT = YES;
			};
			name = Release;
		};
		1730AC712AA5744D00099253 /* Debug */ = {
			isa = XCBuildConfiguration;
			baseConfigurationReference = 3B1A4CE6FBF4716847E36220 /* Pods-iOSCallFlutterModule.debug.xcconfig */;
			buildSettings = {
				ASSETCATALOG_COMPILER_APPICON_NAME = AppIcon;
				ASSETCATALOG_COMPILER_GLOBAL_ACCENT_COLOR_NAME = AccentColor;
				CODE_SIGN_STYLE = Automatic;
				CURRENT_PROJECT_VERSION = 1;
				DEVELOPMENT_TEAM = GKY55PPXT6;
				GENERATE_INFOPLIST_FILE = YES;
				INFOPLIST_FILE = iOSCallFlutterModule/Info.plist;
				INFOPLIST_KEY_UIApplicationSupportsIndirectInputEvents = YES;
				INFOPLIST_KEY_UILaunchStoryboardName = LaunchScreen;
				INFOPLIST_KEY_UIMainStoryboardFile = Main;
				INFOPLIST_KEY_UISupportedInterfaceOrientations_iPad = "UIInterfaceOrientationPortrait UIInterfaceOrientationPortraitUpsideDown UIInterfaceOrientationLandscapeLeft UIInterfaceOrientationLandscapeRight";
				INFOPLIST_KEY_UISupportedInterfaceOrientations_iPhone = "UIInterfaceOrientationPortrait UIInterfaceOrientationLandscapeLeft UIInterfaceOrientationLandscapeRight";
				LD_RUNPATH_SEARCH_PATHS = (
					"$(inherited)",
					"@executable_path/Frameworks",
				);
				MARKETING_VERSION = 1.0;
				PRODUCT_BUNDLE_IDENTIFIER = com.quentinzang.iOSCallFlutterModule;
				PRODUCT_NAME = "$(TARGET_NAME)";
				SWIFT_EMIT_LOC_STRINGS = YES;
				SWIFT_VERSION = 5.0;
				TARGETED_DEVICE_FAMILY = "1,2";
			};
			name = Debug;
		};
		1730AC722AA5744D00099253 /* Release */ = {
			isa = XCBuildConfiguration;
			baseConfigurationReference = 65979D3983FC88108E18190C /* Pods-iOSCallFlutterModule.release.xcconfig */;
			buildSettings = {
				ASSETCATALOG_COMPILER_APPICON_NAME = AppIcon;
				ASSETCATALOG_COMPILER_GLOBAL_ACCENT_COLOR_NAME = AccentColor;
				CODE_SIGN_STYLE = Automatic;
				CURRENT_PROJECT_VERSION = 1;
				DEVELOPMENT_TEAM = GKY55PPXT6;
				GENERATE_INFOPLIST_FILE = YES;
				INFOPLIST_FILE = iOSCallFlutterModule/Info.plist;
				INFOPLIST_KEY_UIApplicationSupportsIndirectInputEvents = YES;
				INFOPLIST_KEY_UILaunchStoryboardName = LaunchScreen;
				INFOPLIST_KEY_UIMainStoryboardFile = Main;
				INFOPLIST_KEY_UISupportedInterfaceOrientations_iPad = "UIInterfaceOrientationPortrait UIInterfaceOrientationPortraitUpsideDown UIInterfaceOrientationLandscapeLeft UIInterfaceOrientationLandscapeRight";
				INFOPLIST_KEY_UISupportedInterfaceOrientations_iPhone = "UIInterfaceOrientationPortrait UIInterfaceOrientationLandscapeLeft UIInterfaceOrientationLandscapeRight";
				LD_RUNPATH_SEARCH_PATHS = (
					"$(inherited)",
					"@executable_path/Frameworks",
				);
				MARKETING_VERSION = 1.0;
				PRODUCT_BUNDLE_IDENTIFIER = com.quentinzang.iOSCallFlutterModule;
				PRODUCT_NAME = "$(TARGET_NAME)";
				SWIFT_EMIT_LOC_STRINGS = YES;
				SWIFT_VERSION = 5.0;
				TARGETED_DEVICE_FAMILY = "1,2";
			};
			name = Release;
		};
		1730AC742AA5744D00099253 /* Debug */ = {
			isa = XCBuildConfiguration;
			baseConfigurationReference = A81F8A5155C93CBB59E5421E /* Pods-iOSCallFlutterModuleTests.debug.xcconfig */;
			buildSettings = {
				ALWAYS_EMBED_SWIFT_STANDARD_LIBRARIES = YES;
				BUNDLE_LOADER = "$(TEST_HOST)";
				CODE_SIGN_STYLE = Automatic;
				CURRENT_PROJECT_VERSION = 1;
				DEVELOPMENT_TEAM = GKY55PPXT6;
				GENERATE_INFOPLIST_FILE = YES;
				IPHONEOS_DEPLOYMENT_TARGET = 16.4;
				MARKETING_VERSION = 1.0;
				PRODUCT_BUNDLE_IDENTIFIER = com.quentinzang.iOSCallFlutterModuleTests;
				PRODUCT_NAME = "$(TARGET_NAME)";
				SWIFT_EMIT_LOC_STRINGS = NO;
				SWIFT_VERSION = 5.0;
				TARGETED_DEVICE_FAMILY = "1,2";
				TEST_HOST = "$(BUILT_PRODUCTS_DIR)/iOSCallFlutterModule.app/$(BUNDLE_EXECUTABLE_FOLDER_PATH)/iOSCallFlutterModule";
			};
			name = Debug;
		};
		1730AC752AA5744D00099253 /* Release */ = {
			isa = XCBuildConfiguration;
			baseConfigurationReference = 452E538F25C387B4ED857D63 /* Pods-iOSCallFlutterModuleTests.release.xcconfig */;
			buildSettings = {
				ALWAYS_EMBED_SWIFT_STANDARD_LIBRARIES = YES;
				BUNDLE_LOADER = "$(TEST_HOST)";
				CODE_SIGN_STYLE = Automatic;
				CURRENT_PROJECT_VERSION = 1;
				DEVELOPMENT_TEAM = GKY55PPXT6;
				GENERATE_INFOPLIST_FILE = YES;
				IPHONEOS_DEPLOYMENT_TARGET = 16.4;
				MARKETING_VERSION = 1.0;
				PRODUCT_BUNDLE_IDENTIFIER = com.quentinzang.iOSCallFlutterModuleTests;
				PRODUCT_NAME = "$(TARGET_NAME)";
				SWIFT_EMIT_LOC_STRINGS = NO;
				SWIFT_VERSION = 5.0;
				TARGETED_DEVICE_FAMILY = "1,2";
				TEST_HOST = "$(BUILT_PRODUCTS_DIR)/iOSCallFlutterModule.app/$(BUNDLE_EXECUTABLE_FOLDER_PATH)/iOSCallFlutterModule";
			};
			name = Release;
		};
		1730AC772AA5744D00099253 /* Debug */ = {
			isa = XCBuildConfiguration;
			baseConfigurationReference = 5A3C6DDA87F4665B38595BD4 /* Pods-iOSCallFlutterModule-iOSCallFlutterModuleUITests.debug.xcconfig */;
			buildSettings = {
				ALWAYS_EMBED_SWIFT_STANDARD_LIBRARIES = YES;
				CODE_SIGN_STYLE = Automatic;
				CURRENT_PROJECT_VERSION = 1;
				DEVELOPMENT_TEAM = GKY55PPXT6;
				GENERATE_INFOPLIST_FILE = YES;
				MARKETING_VERSION = 1.0;
				PRODUCT_BUNDLE_IDENTIFIER = com.quentinzang.iOSCallFlutterModuleUITests;
				PRODUCT_NAME = "$(TARGET_NAME)";
				SWIFT_EMIT_LOC_STRINGS = NO;
				SWIFT_VERSION = 5.0;
				TARGETED_DEVICE_FAMILY = "1,2";
				TEST_TARGET_NAME = iOSCallFlutterModule;
			};
			name = Debug;
		};
		1730AC782AA5744D00099253 /* Release */ = {
			isa = XCBuildConfiguration;
			baseConfigurationReference = 2DB251031ADA08760FFCFF14 /* Pods-iOSCallFlutterModule-iOSCallFlutterModuleUITests.release.xcconfig */;
			buildSettings = {
				ALWAYS_EMBED_SWIFT_STANDARD_LIBRARIES = YES;
				CODE_SIGN_STYLE = Automatic;
				CURRENT_PROJECT_VERSION = 1;
				DEVELOPMENT_TEAM = GKY55PPXT6;
				GENERATE_INFOPLIST_FILE = YES;
				MARKETING_VERSION = 1.0;
				PRODUCT_BUNDLE_IDENTIFIER = com.quentinzang.iOSCallFlutterModuleUITests;
				PRODUCT_NAME = "$(TARGET_NAME)";
				SWIFT_EMIT_LOC_STRINGS = NO;
				SWIFT_VERSION = 5.0;
				TARGETED_DEVICE_FAMILY = "1,2";
				TEST_TARGET_NAME = iOSCallFlutterModule;
			};
			name = Release;
		};
/* End XCBuildConfiguration section */

/* Begin XCConfigurationList section */
		1730AC412AA5744D00099253 /* Build configuration list for PBXProject "iOSCallFlutterModule" */ = {
			isa = XCConfigurationList;
			buildConfigurations = (
				1730AC6E2AA5744D00099253 /* Debug */,
				1730AC6F2AA5744D00099253 /* Release */,
			);
			defaultConfigurationIsVisible = 0;
			defaultConfigurationName = Release;
		};
		1730AC702AA5744D00099253 /* Build configuration list for PBXNativeTarget "iOSCallFlutterModule" */ = {
			isa = XCConfigurationList;
			buildConfigurations = (
				1730AC712AA5744D00099253 /* Debug */,
				1730AC722AA5744D00099253 /* Release */,
			);
			defaultConfigurationIsVisible = 0;
			defaultConfigurationName = Release;
		};
		1730AC732AA5744D00099253 /* Build configuration list for PBXNativeTarget "iOSCallFlutterModuleTests" */ = {
			isa = XCConfigurationList;
			buildConfigurations = (
				1730AC742AA5744D00099253 /* Debug */,
				1730AC752AA5744D00099253 /* Release */,
			);
			defaultConfigurationIsVisible = 0;
			defaultConfigurationName = Release;
		};
		1730AC762AA5744D00099253 /* Build configuration list for PBXNativeTarget "iOSCallFlutterModuleUITests" */ = {
			isa = XCConfigurationList;
			buildConfigurations = (
				1730AC772AA5744D00099253 /* Debug */,
				1730AC782AA5744D00099253 /* Release */,
			);
			defaultConfigurationIsVisible = 0;
			defaultConfigurationName = Release;
		};
/* End XCConfigurationList section */
	};
	rootObject = 1730AC3E2AA5744D00099253 /* Project object */;
}
